
Microsoft Visual Studio Solution File, Format Version 12.00
# Visual Studio Version 17
VisualStudioVersion = 17.0.31903.59
MinimumVisualStudioVersion = 10.0.40219.1
Project("{9A19103F-16F7-4668-BE54-9A1E7A4F7556}") = "MasivVeliz", "TestMasivian\MasivVeliz.csproj", "{4268280B-6A21-4DE7-AE2C-8B417E01233D}"
EndProject
Global
	GlobalSection(SolutionConfigurationPlatforms) = preSolution
		Debug|Any CPU = Debug|Any CPU
		Release|Any CPU = Release|Any CPU
	EndGlobalSection
	GlobalSection(ProjectConfigurationPlatforms) = postSolution
		{4268280B-6A21-4DE7-AE2C-8B417E01233D}.Debug|Any CPU.ActiveCfg = Debug|Any CPU
		{4268280B-6A21-4DE7-AE2C-8B417E01233D}.Debug|Any CPU.Build.0 = Debug|Any CPU
		{4268280B-6A21-4DE7-AE2C-8B417E01233D}.Release|Any CPU.ActiveCfg = Release|Any CPU
		{4268280B-6A21-4DE7-AE2C-8B417E01233D}.Release|Any CPU.Build.0 = Release|Any CPU
	EndGlobalSection
	GlobalSection(SolutionProperties) = preSolution
		HideSolutionNode = FALSE
	EndGlobalSection
	GlobalSection(ExtensibilityGlobals) = postSolution
		SolutionGuid = {8974A4E7-9802-45B4-9B27-532F3F9F43A4}
	EndGlobalSection
EndGlobal
